// !$*UTF8*$!
{
	archiveVersion = 1;
	classes = {
	};
	objectVersion = 50;
	objects = {

/* Begin PBXBuildFile section */
		5D29BC8E258DB93100A68FAB /* AppDelegate.swift in Sources */ = {isa = PBXBuildFile; fileRef = 5D29BC8D258DB93100A68FAB /* AppDelegate.swift */; };
		5D29BC90258DB93100A68FAB /* SceneDelegate.swift in Sources */ = {isa = PBXBuildFile; fileRef = 5D29BC8F258DB93100A68FAB /* SceneDelegate.swift */; };
		5D29BC92258DB93100A68FAB /* ViewController.swift in Sources */ = {isa = PBXBuildFile; fileRef = 5D29BC91258DB93100A68FAB /* ViewController.swift */; };
		5D29BC95258DB93100A68FAB /* Main.storyboard in Resources */ = {isa = PBXBuildFile; fileRef = 5D29BC93258DB93100A68FAB /* Main.storyboard */; };
		5D29BC97258DB93300A68FAB /* Assets.xcassets in Resources */ = {isa = PBXBuildFile; fileRef = 5D29BC96258DB93300A68FAB /* Assets.xcassets */; };
		5D29BC9A258DB93300A68FAB /* LaunchScreen.storyboard in Resources */ = {isa = PBXBuildFile; fileRef = 5D29BC98258DB93300A68FAB /* LaunchScreen.storyboard */; };
/* End PBXBuildFile section */

/* Begin PBXFileReference section */
		5D29BC8A258DB93100A68FAB /* FirstkadaiApp.app */ = {isa = PBXFileReference; explicitFileType = wrapper.application; includeInIndex = 0; path = FirstkadaiApp.app; sourceTree = BUILT_PRODUCTS_DIR; };
		5D29BC8D258DB93100A68FAB /* AppDelegate.swift */ = {isa = PBXFileReference; lastKnownFileType = sourcecode.swift; path = AppDelegate.swift; sourceTree = "<group>"; };
		5D29BC8F258DB93100A68FAB /* SceneDelegate.swift */ = {isa = PBXFileReference; lastKnownFileType = sourcecode.swift; path = SceneDelegate.swift; sourceTree = "<group>"; };
		5D29BC91258DB93100A68FAB /* ViewController.swift */ = {isa = PBXFileReference; lastKnownFileType = sourcecode.swift; path = ViewController.swift; sourceTree = "<group>"; };
		5D29BC94258DB93100A68FAB /* Base */ = {isa = PBXFileReference; lastKnownFileType = file.storyboard; name = Base; path = Base.lproj/Main.storyboard; sourceTree = "<group>"; };
		5D29BC96258DB93300A68FAB /* Assets.xcassets */ = {isa = PBXFileReference; lastKnownFileType = folder.assetcatalog; path = Assets.xcassets; sourceTree = "<group>"; };
		5D29BC99258DB93300A68FAB /* Base */ = {isa = PBXFileReference; lastKnownFileType = file.storyboard; name = Base; path = Base.lproj/LaunchScreen.storyboard; sourceTree = "<group>"; };
		5D29BC9B258DB93300A68FAB /* Info.plist */ = {isa = PBXFileReference; lastKnownFileType = text.plist.xml; path = Info.plist; sourceTree = "<group>"; };
/* End PBXFileReference section */

/* Begin PBXFrameworksBuildPhase section */
		5D29BC87258DB93100A68FAB /* Frameworks */ = {
			isa = PBXFrameworksBuildPhase;
			buildActionMask = 2147483647;
			files = (
			);
			runOnlyForDeploymentPostprocessing = 0;
		};
/* End PBXFrameworksBuildPhase section */

/* Begin PBXGroup section */
		5D29BC81258DB93100A68FAB = {
			isa = PBXGroup;
			children = (
				5D29BC8C258DB93100A68FAB /* FirstkadaiApp */,
				5D29BC8B258DB93100A68FAB /* Products */,
			);
			sourceTree = "<group>";
		};
		5D29BC8B258DB93100A68FAB /* Products */ = {
			isa = PBXGroup;
			children = (
				5D29BC8A258DB93100A68FAB /* FirstkadaiApp.app */,
			);
			name = Products;
			sourceTree = "<group>";
		};
		5D29BC8C258DB93100A68FAB /* FirstkadaiApp */ = {
			isa = PBXGroup;
			children = (
				5D29BC8D258DB93100A68FAB /* AppDelegate.swift */,
				5D29BC8F258DB93100A68FAB /* SceneDelegate.swift */,
				5D29BC91258DB93100A68FAB /* ViewController.swift */,
				5D29BC93258DB93100A68FAB /* Main.storyboard */,
				5D29BC96258DB93300A68FAB /* Assets.xcassets */,
				5D29BC98258DB93300A68FAB /* LaunchScreen.storyboard */,
				5D29BC9B258DB93300A68FAB /* Info.plist */,
			);
			path = FirstkadaiApp;
			sourceTree = "<group>";
		};
/* End PBXGroup section */

/* Begin PBXNativeTarget section */
		5D29BC89258DB93100A68FAB /* FirstkadaiApp */ = {
			isa = PBXNativeTarget;
			buildConfigurationList = 5D29BC9E258DB93300A68FAB /* Build configuration list for PBXNativeTarget "FirstkadaiApp" */;
			buildPhases = (
				5D29BC86258DB93100A68FAB /* Sources */,
				5D29BC87258DB93100A68FAB /* Frameworks */,
				5D29BC88258DB93100A68FAB /* Resources */,
			);
			buildRules = (
			);
			dependencies = (
			);
			name = FirstkadaiApp;
			productName = FirstkadaiApp;
			productReference = 5D29BC8A258DB93100A68FAB /* FirstkadaiApp.app */;
			productType = "com.apple.product-type.application";
		};
/* End PBXNativeTarget section */

/* Begin PBXProject section */
		5D29BC82258DB93100A68FAB /* Project object */ = {
			isa = PBXProject;
			attributes = {
				LastSwiftUpdateCheck = 1150;
				LastUpgradeCheck = 1150;
				ORGANIZATIONNAME = ryutarou.okita;
				TargetAttributes = {
					5D29BC89258DB93100A68FAB = {
						CreatedOnToolsVersion = 11.5;
					};
				};
			};
			buildConfigurationList = 5D29BC85258DB93100A68FAB /* Build configuration list for PBXProject "FirstkadaiApp" */;
			compatibilityVersion = "Xcode 9.3";
			developmentRegion = en;
			hasScannedForEncodings = 0;
			knownRegions = (
				en,
				Base,
			);
			mainGroup = 5D29BC81258DB93100A68FAB;
			productRefGroup = 5D29BC8B258DB93100A68FAB /* Products */;
			projectDirPath = "";
			projectRoot = "";
			targets = (
				5D29BC89258DB93100A68FAB /* FirstkadaiApp */,
			);
		};
/* End PBXProject section */

/* Begin PBXResourcesBuildPhase section */
		5D29BC88258DB93100A68FAB /* Resources */ = {
			isa = PBXResourcesBuildPhase;
			buildActionMask = 2147483647;
			files = (
				5D29BC9A258DB93300A68FAB /* LaunchScreen.storyboard in Resources */,
				5D29BC97258DB93300A68FAB /* Assets.xcassets in Resources */,
				5D29BC95258DB93100A68FAB /* Main.storyboard in Resources */,
			);
			runOnlyForDeploymentPostprocessing = 0;
		};
/* End PBXResourcesBuildPhase section */

/* Begin PBXSourcesBuildPhase section */
		5D29BC86258DB93100A68FAB /* Sources */ = {
			isa = PBXSourcesBuildPhase;
			buildActionMask = 2147483647;
			files = (
				5D29BC92258DB93100A68FAB /* ViewController.swift in Sources */,
				5D29BC8E258DB93100A68FAB /* AppDelegate.swift in Sources */,
				5D29BC90258DB93100A68FAB /* SceneDelegate.swift in Sources */,
			);
			runOnlyForDeploymentPostprocessing = 0;
		};
/* End PBXSourcesBuildPhase section */

/* Begin PBXVariantGroup section */
		5D29BC93258DB93100A68FAB /* Main.storyboard */ = {
			isa = PBXVariantGroup;
			children = (
				5D29BC94258DB93100A68FAB /* Base */,
			);
			name = Main.storyboard;
			sourceTree = "<group>";
		};
		5D29BC98258DB93300A68FAB /* LaunchScreen.storyboard */ = {
			isa = PBXVariantGroup;
			children = (
				5D29BC99258DB93300A68FAB /* Base */,
			);
			name = LaunchScreen.storyboard;
			sourceTree = "<group>";
		};
/* End PBXVariantGroup section */

/* Begin XCBuildConfiguration section */
		5D29BC9C258DB93300A68FAB /* Debug */ = {
			isa = XCBuildConfiguration;
			buildSettings = {
				ALWAYS_SEARCH_USER_PATHS = NO;
				CLANG_ANALYZER_NONNULL = YES;
				CLANG_ANALYZER_NUMBER_OBJECT_CONVERSION = YES_AGGRESSIVE;
				CLANG_CXX_LANGUAGE_STANDARD = "gnu++14";
				CLANG_CXX_LIBRARY = "libc++";
				CLANG_ENABLE_MODULES = YES;
				CLANG_ENABLE_OBJC_ARC = YES;
				CLANG_ENABLE_OBJC_WEAK = YES;
				CLANG_WARN_BLOCK_CAPTURE_AUTORELEASING = YES;
				CLANG_WARN_BOOL_CONVERSION = YES;
				CLANG_WARN_COMMA = YES;
				CLANG_WARN_CONSTANT_CONVERSION = YES;
				CLANG_WARN_DEPRECATED_OBJC_IMPLEMENTATIONS = YES;
				CLANG_WARN_DIRECT_OBJC_ISA_USAGE = YES_ERROR;
				CLANG_WARN_DOCUMENTATION_COMMENTS = YES;
				CLANG_WARN_EMPTY_BODY = YES;
				CLANG_WARN_ENUM_CONVERSION = YES;
				CLANG_WARN_INFINITE_RECURSION = YES;
				CLANG_WARN_INT_CONVERSION = YES;
				CLANG_WARN_NON_LITERAL_NULL_CONVERSION = YES;
				CLANG_WARN_OBJC_IMPLICIT_RETAIN_SELF = YES;
				CLANG_WARN_OBJC_LITERAL_CONVERSION = YES;
				CLANG_WARN_OBJC_ROOT_CLASS = YES_ERROR;
				CLANG_WARN_RANGE_LOOP_ANALYSIS = YES;
				CLANG_WARN_STRICT_PROTOTYPES = YES;
				CLANG_WARN_SUSPICIOUS_MOVE = YES;
				CLANG_WARN_UNGUARDED_AVAILABILITY = YES_AGGRESSIVE;
				CLANG_WARN_UNREACHABLE_CODE = YES;
				CLANG_WARN__DUPLICATE_METHOD_MATCH = YES;
				COPY_PHASE_STRIP = NO;
				DEBUG_INFORMATION_FORMAT = dwarf;
				ENABLE_STRICT_OBJC_MSGSEND = YES;
				ENABLE_TESTABILITY = YES;
				GCC_C_LANGUAGE_STANDARD = gnu11;
				GCC_DYNAMIC_NO_PIC = NO;
				GCC_NO_COMMON_BLOCKS = YES;
				GCC_OPTIMIZATION_LEVEL = 0;
				GCC_PREPROCESSOR_DEFINITIONS = (
					"DEBUG=1",
					"$(inherited)",
				);
				GCC_WARN_64_TO_32_BIT_CONVERSION = YES;
				GCC_WARN_ABOUT_RETURN_TYPE = YES_ERROR;
				GCC_WARN_UNDECLARED_SELECTOR = YES;
				GCC_WARN_UNINITIALIZED_AUTOS = YES_AGGRESSIVE;
				GCC_WARN_UNUSED_FUNCTION = YES;
				GCC_WARN_UNUSED_VARIABLE = YES;
				IPHONEOS_DEPLOYMENT_TARGET = 13.5;
				MTL_ENABLE_DEBUG_INFO = INCLUDE_SOURCE;
				MTL_FAST_MATH = YES;
				ONLY_ACTIVE_ARCH = YES;
				SDKROOT = iphoneos;
				SWIFT_ACTIVE_COMPILATION_CONDITIONS = DEBUG;
				SWIFT_OPTIMIZATION_LEVEL = "-Onone";
			};
			name = Debug;
		};
		5D29BC9D258DB93300A68FAB /* Release */ = {
			isa = XCBuildConfiguration;
			buildSettings = {
				ALWAYS_SEARCH_USER_PATHS = NO;
				CLANG_ANALYZER_NONNULL = YES;
				CLANG_ANALYZER_NUMBER_OBJECT_CONVERSION = YES_AGGRESSIVE;
				CLANG_CXX_LANGUAGE_STANDARD = "gnu++14";
				CLANG_CXX_LIBRARY = "libc++";
				CLANG_ENABLE_MODULES = YES;
				CLANG_ENABLE_OBJC_ARC = YES;
				CLANG_ENABLE_OBJC_WEAK = YES;
				CLANG_WARN_BLOCK_CAPTURE_AUTORELEASING = YES;
				CLANG_WARN_BOOL_CONVERSION = YES;
				CLANG_WARN_COMMA = YES;
				CLANG_WARN_CONSTANT_CONVERSION = YES;
				CLANG_WARN_DEPRECATED_OBJC_IMPLEMENTATIONS = YES;
				CLANG_WARN_DIRECT_OBJC_ISA_USAGE = YES_ERROR;
				CLANG_WARN_DOCUMENTATION_COMMENTS = YES;
				CLANG_WARN_EMPTY_BODY = YES;
				CLANG_WARN_ENUM_CONVERSION = YES;
				CLANG_WARN_INFINITE_RECURSION = YES;
				CLANG_WARN_INT_CONVERSION = YES;
				CLANG_WARN_NON_LITERAL_NULL_CONVERSION = YES;
				CLANG_WARN_OBJC_IMPLICIT_RETAIN_SELF = YES;
				CLANG_WARN_OBJC_LITERAL_CONVERSION = YES;
				CLANG_WARN_OBJC_ROOT_CLASS = YES_ERROR;
				CLANG_WARN_RANGE_LOOP_ANALYSIS = YES;
				CLANG_WARN_STRICT_PROTOTYPES = YES;
				CLANG_WARN_SUSPICIOUS_MOVE = YES;
				CLANG_WARN_UNGUARDED_AVAILABILITY = YES_AGGRESSIVE;
				CLANG_WARN_UNREACHABLE_CODE = YES;
				CLANG_WARN__DUPLICATE_METHOD_MATCH = YES;
				COPY_PHASE_STRIP = NO;
				DEBUG_INFORMATION_FORMAT = "dwarf-with-dsym";
				ENABLE_NS_ASSERTIONS = NO;
				ENABLE_STRICT_OBJC_MSGSEND = YES;
				GCC_C_LANGUAGE_STANDARD = gnu11;
				GCC_NO_COMMON_BLOCKS = YES;
				GCC_WARN_64_TO_32_BIT_CONVERSION = YES;
				GCC_WARN_ABOUT_RETURN_TYPE = YES_ERROR;
				GCC_WARN_UNDECLARED_SELECTOR = YES;
				GCC_WARN_UNINITIALIZED_AUTOS = YES_AGGRESSIVE;
				GCC_WARN_UNUSED_FUNCTION = YES;
				GCC_WARN_UNUSED_VARIABLE = YES;
				IPHONEOS_DEPLOYMENT_TARGET = 13.5;
				MTL_ENABLE_DEBUG_INFO = NO;
				MTL_FAST_MATH = YES;
				SDKROOT = iphoneos;
				SWIFT_COMPILATION_MODE = wholemodule;
				SWIFT_OPTIMIZATION_LEVEL = "-O";
				VALIDATE_PRODUCT = YES;
			};
			name = Release;
		};
		5D29BC9F258DB93300A68FAB /* Debug */ = {
			isa = XCBuildConfiguration;
			buildSettings = {
				ASSETCATALOG_COMPILER_APPICON_NAME = AppIcon;
				CODE_SIGN_STYLE = Automatic;
				INFOPLIST_FILE = FirstkadaiApp/Info.plist;
				LD_RUNPATH_SEARCH_PATHS = (
					"$(inherited)",
					"@executable_path/Frameworks",
				);
				PRODUCT_BUNDLE_IDENTIFIER = jp.techacademy.ryutarou.okita.FirstkadaiApp;
				PRODUCT_NAME = "$(TARGET_NAME)";
				SWIFT_VERSION = 5.0;
				TARGETED_DEVICE_FAMILY = "1,2";
			};
			name = Debug;
		};
		5D29BCA0258DB93300A68FAB /* Release */ = {
			isa = XCBuildConfiguration;
			buildSettings = {
				ASSETCATALOG_COMPILER_APPICON_NAME = AppIcon;
				CODE_SIGN_STYLE = Automatic;
				INFOPLIST_FILE = FirstkadaiApp/Info.plist;
				LD_RUNPATH_SEARCH_PATHS = (
					"$(inherited)",
					"@executable_path/Frameworks",
				);
				PRODUCT_BUNDLE_IDENTIFIER = jp.techacademy.ryutarou.okita.FirstkadaiApp;
				PRODUCT_NAME = "$(TARGET_NAME)";
				SWIFT_VERSION = 5.0;
				TARGETED_DEVICE_FAMILY = "1,2";
			};
			name = Release;
		};
/* End XCBuildConfiguration section */

/* Begin XCConfigurationList section */
		5D29BC85258DB93100A68FAB /* Build configuration list for PBXProject "FirstkadaiApp" */ = {
			isa = XCConfigurationList;
			buildConfigurations = (
				5D29BC9C258DB93300A68FAB /* Debug */,
				5D29BC9D258DB93300A68FAB /* Release */,
			);
			defaultConfigurationIsVisible = 0;
			defaultConfigurationName = Release;
		};
		5D29BC9E258DB93300A68FAB /* Build configuration list for PBXNativeTarget "FirstkadaiApp" */ = {
			isa = XCConfigurationList;
			buildConfigurations = (
				5D29BC9F258DB93300A68FAB /* Debug */,
				5D29BCA0258DB93300A68FAB /* Release */,
			);
			defaultConfigurationIsVisible = 0;
			defaultConfigurationName = Release;
		};
/* End XCConfigurationList section */
	};
	rootObject = 5D29BC82258DB93100A68FAB /* Project object */;
}
